// !$*UTF8*$!
{
	archiveVersion = 1;
	classes = {
	};
	objectVersion = 56;
	objects = {

/* Begin PBXBuildFile section */
		E8011E282A93A67600DD9B5F /* MySwiftUIAppApp.swift in Sources */ = {isa = PBXBuildFile; fileRef = E8011E272A93A67600DD9B5F /* MySwiftUIAppApp.swift */; };
		E8011E2A2A93A67600DD9B5F /* ContentView.swift in Sources */ = {isa = PBXBuildFile; fileRef = E8011E292A93A67600DD9B5F /* ContentView.swift */; };
		E8011E2C2A93A67600DD9B5F /* Assets.xcassets in Resources */ = {isa = PBXBuildFile; fileRef = E8011E2B2A93A67600DD9B5F /* Assets.xcassets */; };
		E8011E2F2A93A67600DD9B5F /* Preview Assets.xcassets in Resources */ = {isa = PBXBuildFile; fileRef = E8011E2E2A93A67600DD9B5F /* Preview Assets.xcassets */; };
		E8011E392A93A67700DD9B5F /* MySwiftUIAppTests.swift in Sources */ = {isa = PBXBuildFile; fileRef = E8011E382A93A67700DD9B5F /* MySwiftUIAppTests.swift */; };
		E8011E432A93A67700DD9B5F /* MySwiftUIAppUITests.swift in Sources */ = {isa = PBXBuildFile; fileRef = E8011E422A93A67700DD9B5F /* MySwiftUIAppUITests.swift */; };
		E8011E452A93A67700DD9B5F /* MySwiftUIAppUITestsLaunchTests.swift in Sources */ = {isa = PBXBuildFile; fileRef = E8011E442A93A67700DD9B5F /* MySwiftUIAppUITestsLaunchTests.swift */; };
		E80DEC8A2AAA17BE00B40016 /* AsyncImageView.swift in Sources */ = {isa = PBXBuildFile; fileRef = E80DEC892AAA17BE00B40016 /* AsyncImageView.swift */; };
		E80DEC8C2AAA185200B40016 /* HikeMainView.swift in Sources */ = {isa = PBXBuildFile; fileRef = E80DEC8B2AAA185200B40016 /* HikeMainView.swift */; };
		E80DEC8E2AAA189500B40016 /* ImageExtencion.swift in Sources */ = {isa = PBXBuildFile; fileRef = E80DEC8D2AAA189500B40016 /* ImageExtencion.swift */; };
		E80DEC902AAA1C2D00B40016 /* CustomButtonView.swift in Sources */ = {isa = PBXBuildFile; fileRef = E80DEC8F2AAA1C2D00B40016 /* CustomButtonView.swift */; };
		E8144C262AB0E8A3004AF89C /* SettingsView.swift in Sources */ = {isa = PBXBuildFile; fileRef = E8144C252AB0E8A3004AF89C /* SettingsView.swift */; };
		E82C40892AA0D32400C0638E /* AsyncImageTestView.swift in Sources */ = {isa = PBXBuildFile; fileRef = E82C40882AA0D32400C0638E /* AsyncImageTestView.swift */; };
		E858BA612AC5B9B6003CD121 /* exemplo.swift in Sources */ = {isa = PBXBuildFile; fileRef = E858BA602AC5B9B6003CD121 /* exemplo.swift */; };
		E86FB67C2AB2402D00A70B73 /* CustomListRowView.swift in Sources */ = {isa = PBXBuildFile; fileRef = E86FB67B2AB2402D00A70B73 /* CustomListRowView.swift */; };
		E87FB7432B22294500755FBF /* ControllImageView.swift in Sources */ = {isa = PBXBuildFile; fileRef = E87FB7422B22294500755FBF /* ControllImageView.swift */; };
		E88EEDA02AAF9CC300A77056 /* CustomCircleView.swift in Sources */ = {isa = PBXBuildFile; fileRef = E88EED9F2AAF9CC300A77056 /* CustomCircleView.swift */; };
		E88EEDA22AAF9E3500A77056 /* MotionAnimationView.swift in Sources */ = {isa = PBXBuildFile; fileRef = E88EEDA12AAF9E3500A77056 /* MotionAnimationView.swift */; };
		E89E8B372ABDF821007D6FBD /* CircleGroupView.swift in Sources */ = {isa = PBXBuildFile; fileRef = E89E8B362ABDF821007D6FBD /* CircleGroupView.swift */; };
		E8B2A91D2AA7638E00BCF5C6 /* CardView.swift in Sources */ = {isa = PBXBuildFile; fileRef = E8B2A91C2AA7638E00BCF5C6 /* CardView.swift */; };
		E8B2A9202AA764D600BCF5C6 /* CustomBackgroundView.swift in Sources */ = {isa = PBXBuildFile; fileRef = E8B2A91F2AA764D600BCF5C6 /* CustomBackgroundView.swift */; };
		E8B2A9232AA766B300BCF5C6 /* ColorExtension.swift in Sources */ = {isa = PBXBuildFile; fileRef = E8B2A9222AA766B300BCF5C6 /* ColorExtension.swift */; };
		E8BACBED2B2758C100ACAB39 /* PageModel.swift in Sources */ = {isa = PBXBuildFile; fileRef = E8BACBEC2B2758C100ACAB39 /* PageModel.swift */; };
		E8BACBEF2B27592500ACAB39 /* PageData.swift in Sources */ = {isa = PBXBuildFile; fileRef = E8BACBEE2B27592500ACAB39 /* PageData.swift */; };
		E8BAF3A62ACF1F0F00A97DD0 /* AudioPlayer.swift in Sources */ = {isa = PBXBuildFile; fileRef = E8BAF3A52ACF1F0F00A97DD0 /* AudioPlayer.swift */; };
		E8D4B5932B20CA600091E148 /* InfoPanelView.swift in Sources */ = {isa = PBXBuildFile; fileRef = E8D4B5922B20CA600091E148 /* InfoPanelView.swift */; };
		E8EE40BD2AF449FB0064DA33 /* PinchMainView.swift in Sources */ = {isa = PBXBuildFile; fileRef = E8EE40BC2AF449FB0064DA33 /* PinchMainView.swift */; };
		E8EFEE482AB7847800ECD50E /* RestartMainView.swift in Sources */ = {isa = PBXBuildFile; fileRef = E8EFEE472AB7847800ECD50E /* RestartMainView.swift */; };
		E8EFEE4D2AB785BC00ECD50E /* success.m4a in Resources */ = {isa = PBXBuildFile; fileRef = E8EFEE4B2AB785BC00ECD50E /* success.m4a */; };
		E8EFEE4E2AB785BC00ECD50E /* chimeup.mp3 in Resources */ = {isa = PBXBuildFile; fileRef = E8EFEE4C2AB785BC00ECD50E /* chimeup.mp3 */; };
		E8EFEE512AB787AF00ECD50E /* OnboardingView.swift in Sources */ = {isa = PBXBuildFile; fileRef = E8EFEE502AB787AF00ECD50E /* OnboardingView.swift */; };
		E8EFEE532AB787C200ECD50E /* HomeView.swift in Sources */ = {isa = PBXBuildFile; fileRef = E8EFEE522AB787C200ECD50E /* HomeView.swift */; };
		E8FC6D5C2B28EE3B0070822E /* FruitsMainView.swift in Sources */ = {isa = PBXBuildFile; fileRef = E8FC6D5B2B28EE3B0070822E /* FruitsMainView.swift */; };
		E8FCD7342AAA21A50043648A /* GradientButtonStyle.swift in Sources */ = {isa = PBXBuildFile; fileRef = E8FCD7332AAA21A50043648A /* GradientButtonStyle.swift */; };
/* End PBXBuildFile section */

/* Begin PBXContainerItemProxy section */
		E8011E352A93A67700DD9B5F /* PBXContainerItemProxy */ = {
			isa = PBXContainerItemProxy;
			containerPortal = E8011E1C2A93A67600DD9B5F /* Project object */;
			proxyType = 1;
			remoteGlobalIDString = E8011E232A93A67600DD9B5F;
			remoteInfo = MySwiftUIApp;
		};
		E8011E3F2A93A67700DD9B5F /* PBXContainerItemProxy */ = {
			isa = PBXContainerItemProxy;
			containerPortal = E8011E1C2A93A67600DD9B5F /* Project object */;
			proxyType = 1;
			remoteGlobalIDString = E8011E232A93A67600DD9B5F;
			remoteInfo = MySwiftUIApp;
		};
/* End PBXContainerItemProxy section */

/* Begin PBXFileReference section */
		E8011E242A93A67600DD9B5F /* MySwiftUIApp.app */ = {isa = PBXFileReference; explicitFileType = wrapper.application; includeInIndex = 0; path = MySwiftUIApp.app; sourceTree = BUILT_PRODUCTS_DIR; };
		E8011E272A93A67600DD9B5F /* MySwiftUIAppApp.swift */ = {isa = PBXFileReference; lastKnownFileType = sourcecode.swift; path = MySwiftUIAppApp.swift; sourceTree = "<group>"; };
		E8011E292A93A67600DD9B5F /* ContentView.swift */ = {isa = PBXFileReference; lastKnownFileType = sourcecode.swift; path = ContentView.swift; sourceTree = "<group>"; };
		E8011E2B2A93A67600DD9B5F /* Assets.xcassets */ = {isa = PBXFileReference; lastKnownFileType = folder.assetcatalog; path = Assets.xcassets; sourceTree = "<group>"; };
		E8011E2E2A93A67600DD9B5F /* Preview Assets.xcassets */ = {isa = PBXFileReference; lastKnownFileType = folder.assetcatalog; path = "Preview Assets.xcassets"; sourceTree = "<group>"; };
		E8011E342A93A67700DD9B5F /* MySwiftUIAppTests.xctest */ = {isa = PBXFileReference; explicitFileType = wrapper.cfbundle; includeInIndex = 0; path = MySwiftUIAppTests.xctest; sourceTree = BUILT_PRODUCTS_DIR; };
		E8011E382A93A67700DD9B5F /* MySwiftUIAppTests.swift */ = {isa = PBXFileReference; lastKnownFileType = sourcecode.swift; path = MySwiftUIAppTests.swift; sourceTree = "<group>"; };
		E8011E3E2A93A67700DD9B5F /* MySwiftUIAppUITests.xctest */ = {isa = PBXFileReference; explicitFileType = wrapper.cfbundle; includeInIndex = 0; path = MySwiftUIAppUITests.xctest; sourceTree = BUILT_PRODUCTS_DIR; };
		E8011E422A93A67700DD9B5F /* MySwiftUIAppUITests.swift */ = {isa = PBXFileReference; lastKnownFileType = sourcecode.swift; path = MySwiftUIAppUITests.swift; sourceTree = "<group>"; };
		E8011E442A93A67700DD9B5F /* MySwiftUIAppUITestsLaunchTests.swift */ = {isa = PBXFileReference; lastKnownFileType = sourcecode.swift; path = MySwiftUIAppUITestsLaunchTests.swift; sourceTree = "<group>"; };
		E80DEC892AAA17BE00B40016 /* AsyncImageView.swift */ = {isa = PBXFileReference; lastKnownFileType = sourcecode.swift; path = AsyncImageView.swift; sourceTree = "<group>"; };
		E80DEC8B2AAA185200B40016 /* HikeMainView.swift */ = {isa = PBXFileReference; lastKnownFileType = sourcecode.swift; path = HikeMainView.swift; sourceTree = "<group>"; };
		E80DEC8D2AAA189500B40016 /* ImageExtencion.swift */ = {isa = PBXFileReference; lastKnownFileType = sourcecode.swift; path = ImageExtencion.swift; sourceTree = "<group>"; };
		E80DEC8F2AAA1C2D00B40016 /* CustomButtonView.swift */ = {isa = PBXFileReference; lastKnownFileType = sourcecode.swift; path = CustomButtonView.swift; sourceTree = "<group>"; };
		E8144C252AB0E8A3004AF89C /* SettingsView.swift */ = {isa = PBXFileReference; lastKnownFileType = sourcecode.swift; path = SettingsView.swift; sourceTree = "<group>"; };
		E82C40882AA0D32400C0638E /* AsyncImageTestView.swift */ = {isa = PBXFileReference; lastKnownFileType = sourcecode.swift; path = AsyncImageTestView.swift; sourceTree = "<group>"; };
		E858BA602AC5B9B6003CD121 /* exemplo.swift */ = {isa = PBXFileReference; lastKnownFileType = sourcecode.swift; path = exemplo.swift; sourceTree = "<group>"; };
		E86FB67B2AB2402D00A70B73 /* CustomListRowView.swift */ = {isa = PBXFileReference; lastKnownFileType = sourcecode.swift; path = CustomListRowView.swift; sourceTree = "<group>"; };
		E87FB7422B22294500755FBF /* ControllImageView.swift */ = {isa = PBXFileReference; lastKnownFileType = sourcecode.swift; path = ControllImageView.swift; sourceTree = "<group>"; };
		E88EED9F2AAF9CC300A77056 /* CustomCircleView.swift */ = {isa = PBXFileReference; lastKnownFileType = sourcecode.swift; path = CustomCircleView.swift; sourceTree = "<group>"; };
		E88EEDA12AAF9E3500A77056 /* MotionAnimationView.swift */ = {isa = PBXFileReference; lastKnownFileType = sourcecode.swift; path = MotionAnimationView.swift; sourceTree = "<group>"; };
		E89E8B362ABDF821007D6FBD /* CircleGroupView.swift */ = {isa = PBXFileReference; lastKnownFileType = sourcecode.swift; path = CircleGroupView.swift; sourceTree = "<group>"; };
		E8B2A91C2AA7638E00BCF5C6 /* CardView.swift */ = {isa = PBXFileReference; lastKnownFileType = sourcecode.swift; path = CardView.swift; sourceTree = "<group>"; };
		E8B2A91F2AA764D600BCF5C6 /* CustomBackgroundView.swift */ = {isa = PBXFileReference; lastKnownFileType = sourcecode.swift; path = CustomBackgroundView.swift; sourceTree = "<group>"; };
		E8B2A9222AA766B300BCF5C6 /* ColorExtension.swift */ = {isa = PBXFileReference; lastKnownFileType = sourcecode.swift; path = ColorExtension.swift; sourceTree = "<group>"; };
		E8BACBEC2B2758C100ACAB39 /* PageModel.swift */ = {isa = PBXFileReference; lastKnownFileType = sourcecode.swift; path = PageModel.swift; sourceTree = "<group>"; };
		E8BACBEE2B27592500ACAB39 /* PageData.swift */ = {isa = PBXFileReference; lastKnownFileType = sourcecode.swift; path = PageData.swift; sourceTree = "<group>"; };
		E8BAF3A52ACF1F0F00A97DD0 /* AudioPlayer.swift */ = {isa = PBXFileReference; lastKnownFileType = sourcecode.swift; path = AudioPlayer.swift; sourceTree = "<group>"; };
		E8D4B5922B20CA600091E148 /* InfoPanelView.swift */ = {isa = PBXFileReference; lastKnownFileType = sourcecode.swift; path = InfoPanelView.swift; sourceTree = "<group>"; };
		E8EE40BC2AF449FB0064DA33 /* PinchMainView.swift */ = {isa = PBXFileReference; lastKnownFileType = sourcecode.swift; path = PinchMainView.swift; sourceTree = "<group>"; };
		E8EFEE472AB7847800ECD50E /* RestartMainView.swift */ = {isa = PBXFileReference; lastKnownFileType = sourcecode.swift; path = RestartMainView.swift; sourceTree = "<group>"; };
		E8EFEE4B2AB785BC00ECD50E /* success.m4a */ = {isa = PBXFileReference; lastKnownFileType = file; path = success.m4a; sourceTree = "<group>"; };
		E8EFEE4C2AB785BC00ECD50E /* chimeup.mp3 */ = {isa = PBXFileReference; lastKnownFileType = audio.mp3; path = chimeup.mp3; sourceTree = "<group>"; };
		E8EFEE4F2AB7873A00ECD50E /* Info.plist */ = {isa = PBXFileReference; lastKnownFileType = text.plist; path = Info.plist; sourceTree = "<group>"; };
		E8EFEE502AB787AF00ECD50E /* OnboardingView.swift */ = {isa = PBXFileReference; lastKnownFileType = sourcecode.swift; path = OnboardingView.swift; sourceTree = "<group>"; };
		E8EFEE522AB787C200ECD50E /* HomeView.swift */ = {isa = PBXFileReference; lastKnownFileType = sourcecode.swift; path = HomeView.swift; sourceTree = "<group>"; };
		E8FC6D5B2B28EE3B0070822E /* FruitsMainView.swift */ = {isa = PBXFileReference; lastKnownFileType = sourcecode.swift; path = FruitsMainView.swift; sourceTree = "<group>"; };
		E8FCD7332AAA21A50043648A /* GradientButtonStyle.swift */ = {isa = PBXFileReference; lastKnownFileType = sourcecode.swift; path = GradientButtonStyle.swift; sourceTree = "<group>"; };
/* End PBXFileReference section */

/* Begin PBXFrameworksBuildPhase section */
		E8011E212A93A67600DD9B5F /* Frameworks */ = {
			isa = PBXFrameworksBuildPhase;
			buildActionMask = 2147483647;
			files = (
			);
			runOnlyForDeploymentPostprocessing = 0;
		};
		E8011E312A93A67700DD9B5F /* Frameworks */ = {
			isa = PBXFrameworksBuildPhase;
			buildActionMask = 2147483647;
			files = (
			);
			runOnlyForDeploymentPostprocessing = 0;
		};
		E8011E3B2A93A67700DD9B5F /* Frameworks */ = {
			isa = PBXFrameworksBuildPhase;
			buildActionMask = 2147483647;
			files = (
			);
			runOnlyForDeploymentPostprocessing = 0;
		};
/* End PBXFrameworksBuildPhase section */

/* Begin PBXGroup section */
		E8011E1B2A93A67600DD9B5F = {
			isa = PBXGroup;
			children = (
				E8011E262A93A67600DD9B5F /* MySwiftUIApp */,
				E8011E372A93A67700DD9B5F /* MySwiftUIAppTests */,
				E8011E412A93A67700DD9B5F /* MySwiftUIAppUITests */,
				E8011E252A93A67600DD9B5F /* Products */,
			);
			sourceTree = "<group>";
		};
		E8011E252A93A67600DD9B5F /* Products */ = {
			isa = PBXGroup;
			children = (
				E8011E242A93A67600DD9B5F /* MySwiftUIApp.app */,
				E8011E342A93A67700DD9B5F /* MySwiftUIAppTests.xctest */,
				E8011E3E2A93A67700DD9B5F /* MySwiftUIAppUITests.xctest */,
			);
			name = Products;
			sourceTree = "<group>";
		};
		E8011E262A93A67600DD9B5F /* MySwiftUIApp */ = {
			isa = PBXGroup;
			children = (
				E8EE40BF2AF44C3F0064DA33 /* Model */,
				E8EE40BE2AF44C330064DA33 /* Data */,
				E8EFEE4F2AB7873A00ECD50E /* Info.plist */,
				E8EFEE492AB785A100ECD50E /* Resources */,
				E80DEC882AAA17A700B40016 /* Scenes */,
				E8011E272A93A67600DD9B5F /* MySwiftUIAppApp.swift */,
				E8011E2D2A93A67600DD9B5F /* Preview Content */,
				E8B2A9212AA766A200BCF5C6 /* Utility */,
				E8B2A91E2AA764AD00BCF5C6 /* Component */,
			);
			path = MySwiftUIApp;
			sourceTree = "<group>";
		};
		E8011E2D2A93A67600DD9B5F /* Preview Content */ = {
			isa = PBXGroup;
			children = (
				E8011E2E2A93A67600DD9B5F /* Preview Assets.xcassets */,
			);
			path = "Preview Content";
			sourceTree = "<group>";
		};
		E8011E372A93A67700DD9B5F /* MySwiftUIAppTests */ = {
			isa = PBXGroup;
			children = (
				E8011E382A93A67700DD9B5F /* MySwiftUIAppTests.swift */,
			);
			path = MySwiftUIAppTests;
			sourceTree = "<group>";
		};
		E8011E412A93A67700DD9B5F /* MySwiftUIAppUITests */ = {
			isa = PBXGroup;
			children = (
				E8011E422A93A67700DD9B5F /* MySwiftUIAppUITests.swift */,
				E8011E442A93A67700DD9B5F /* MySwiftUIAppUITestsLaunchTests.swift */,
			);
			path = MySwiftUIAppUITests;
			sourceTree = "<group>";
		};
		E80DEC882AAA17A700B40016 /* Scenes */ = {
			isa = PBXGroup;
			children = (
				E8011E292A93A67600DD9B5F /* ContentView.swift */,
				E80DEC892AAA17BE00B40016 /* AsyncImageView.swift */,
				E80DEC8B2AAA185200B40016 /* HikeMainView.swift */,
				E8144C252AB0E8A3004AF89C /* SettingsView.swift */,
				E8EFEE472AB7847800ECD50E /* RestartMainView.swift */,
				E8EFEE502AB787AF00ECD50E /* OnboardingView.swift */,
				E8EFEE522AB787C200ECD50E /* HomeView.swift */,
				E858BA602AC5B9B6003CD121 /* exemplo.swift */,
				E8EE40BC2AF449FB0064DA33 /* PinchMainView.swift */,
				E8FC6D5B2B28EE3B0070822E /* FruitsMainView.swift */,
			);
			path = Scenes;
			sourceTree = "<group>";
		};
		E8B2A91E2AA764AD00BCF5C6 /* Component */ = {
			isa = PBXGroup;
			children = (
				E82C40882AA0D32400C0638E /* AsyncImageTestView.swift */,
				E8B2A91C2AA7638E00BCF5C6 /* CardView.swift */,
				E8B2A91F2AA764D600BCF5C6 /* CustomBackgroundView.swift */,
				E80DEC8F2AAA1C2D00B40016 /* CustomButtonView.swift */,
				E88EED9F2AAF9CC300A77056 /* CustomCircleView.swift */,
				E88EEDA12AAF9E3500A77056 /* MotionAnimationView.swift */,
				E86FB67B2AB2402D00A70B73 /* CustomListRowView.swift */,
				E89E8B362ABDF821007D6FBD /* CircleGroupView.swift */,
				E8D4B5922B20CA600091E148 /* InfoPanelView.swift */,
				E87FB7422B22294500755FBF /* ControllImageView.swift */,
			);
			path = Component;
			sourceTree = "<group>";
		};
		E8B2A9212AA766A200BCF5C6 /* Utility */ = {
			isa = PBXGroup;
			children = (
				E8B2A9222AA766B300BCF5C6 /* ColorExtension.swift */,
				E80DEC8D2AAA189500B40016 /* ImageExtencion.swift */,
				E8FCD7332AAA21A50043648A /* GradientButtonStyle.swift */,
				E8BAF3A52ACF1F0F00A97DD0 /* AudioPlayer.swift */,
			);
			path = Utility;
			sourceTree = "<group>";
		};
		E8EE40BE2AF44C330064DA33 /* Data */ = {
			isa = PBXGroup;
			children = (
				E8BACBEE2B27592500ACAB39 /* PageData.swift */,
			);
			path = Data;
			sourceTree = "<group>";
		};
		E8EE40BF2AF44C3F0064DA33 /* Model */ = {
			isa = PBXGroup;
			children = (
				E8BACBEC2B2758C100ACAB39 /* PageModel.swift */,
			);
			path = Model;
			sourceTree = "<group>";
		};
		E8EFEE492AB785A100ECD50E /* Resources */ = {
			isa = PBXGroup;
			children = (
				E8011E2B2A93A67600DD9B5F /* Assets.xcassets */,
				E8EFEE4A2AB785A900ECD50E /* Sounds */,
			);
			path = Resources;
			sourceTree = "<group>";
		};
		E8EFEE4A2AB785A900ECD50E /* Sounds */ = {
			isa = PBXGroup;
			children = (
				E8EFEE4C2AB785BC00ECD50E /* chimeup.mp3 */,
				E8EFEE4B2AB785BC00ECD50E /* success.m4a */,
			);
			path = Sounds;
			sourceTree = "<group>";
		};
/* End PBXGroup section */

/* Begin PBXNativeTarget section */
		E8011E232A93A67600DD9B5F /* MySwiftUIApp */ = {
			isa = PBXNativeTarget;
			buildConfigurationList = E8011E482A93A67700DD9B5F /* Build configuration list for PBXNativeTarget "MySwiftUIApp" */;
			buildPhases = (
				E8011E202A93A67600DD9B5F /* Sources */,
				E8011E212A93A67600DD9B5F /* Frameworks */,
				E8011E222A93A67600DD9B5F /* Resources */,
			);
			buildRules = (
			);
			dependencies = (
			);
			name = MySwiftUIApp;
			productName = MySwiftUIApp;
			productReference = E8011E242A93A67600DD9B5F /* MySwiftUIApp.app */;
			productType = "com.apple.product-type.application";
		};
		E8011E332A93A67700DD9B5F /* MySwiftUIAppTests */ = {
			isa = PBXNativeTarget;
			buildConfigurationList = E8011E4B2A93A67700DD9B5F /* Build configuration list for PBXNativeTarget "MySwiftUIAppTests" */;
			buildPhases = (
				E8011E302A93A67700DD9B5F /* Sources */,
				E8011E312A93A67700DD9B5F /* Frameworks */,
				E8011E322A93A67700DD9B5F /* Resources */,
			);
			buildRules = (
			);
			dependencies = (
				E8011E362A93A67700DD9B5F /* PBXTargetDependency */,
			);
			name = MySwiftUIAppTests;
			productName = MySwiftUIAppTests;
			productReference = E8011E342A93A67700DD9B5F /* MySwiftUIAppTests.xctest */;
			productType = "com.apple.product-type.bundle.unit-test";
		};
		E8011E3D2A93A67700DD9B5F /* MySwiftUIAppUITests */ = {
			isa = PBXNativeTarget;
			buildConfigurationList = E8011E4E2A93A67700DD9B5F /* Build configuration list for PBXNativeTarget "MySwiftUIAppUITests" */;
			buildPhases = (
				E8011E3A2A93A67700DD9B5F /* Sources */,
				E8011E3B2A93A67700DD9B5F /* Frameworks */,
				E8011E3C2A93A67700DD9B5F /* Resources */,
			);
			buildRules = (
			);
			dependencies = (
				E8011E402A93A67700DD9B5F /* PBXTargetDependency */,
			);
			name = MySwiftUIAppUITests;
			productName = MySwiftUIAppUITests;
			productReference = E8011E3E2A93A67700DD9B5F /* MySwiftUIAppUITests.xctest */;
			productType = "com.apple.product-type.bundle.ui-testing";
		};
/* End PBXNativeTarget section */

/* Begin PBXProject section */
		E8011E1C2A93A67600DD9B5F /* Project object */ = {
			isa = PBXProject;
			attributes = {
				BuildIndependentTargetsInParallel = 1;
				LastSwiftUpdateCheck = 1430;
				LastUpgradeCheck = 1430;
				TargetAttributes = {
					E8011E232A93A67600DD9B5F = {
						CreatedOnToolsVersion = 14.3.1;
					};
					E8011E332A93A67700DD9B5F = {
						CreatedOnToolsVersion = 14.3.1;
						TestTargetID = E8011E232A93A67600DD9B5F;
					};
					E8011E3D2A93A67700DD9B5F = {
						CreatedOnToolsVersion = 14.3.1;
						TestTargetID = E8011E232A93A67600DD9B5F;
					};
				};
			};
			buildConfigurationList = E8011E1F2A93A67600DD9B5F /* Build configuration list for PBXProject "MySwiftUIApp" */;
			compatibilityVersion = "Xcode 14.0";
			developmentRegion = en;
			hasScannedForEncodings = 0;
			knownRegions = (
				en,
				Base,
			);
			mainGroup = E8011E1B2A93A67600DD9B5F;
			productRefGroup = E8011E252A93A67600DD9B5F /* Products */;
			projectDirPath = "";
			projectRoot = "";
			targets = (
				E8011E232A93A67600DD9B5F /* MySwiftUIApp */,
				E8011E332A93A67700DD9B5F /* MySwiftUIAppTests */,
				E8011E3D2A93A67700DD9B5F /* MySwiftUIAppUITests */,
			);
		};
/* End PBXProject section */

/* Begin PBXResourcesBuildPhase section */
		E8011E222A93A67600DD9B5F /* Resources */ = {
			isa = PBXResourcesBuildPhase;
			buildActionMask = 2147483647;
			files = (
				E8EFEE4E2AB785BC00ECD50E /* chimeup.mp3 in Resources */,
				E8011E2F2A93A67600DD9B5F /* Preview Assets.xcassets in Resources */,
				E8EFEE4D2AB785BC00ECD50E /* success.m4a in Resources */,
				E8011E2C2A93A67600DD9B5F /* Assets.xcassets in Resources */,
			);
			runOnlyForDeploymentPostprocessing = 0;
		};
		E8011E322A93A67700DD9B5F /* Resources */ = {
			isa = PBXResourcesBuildPhase;
			buildActionMask = 2147483647;
			files = (
			);
			runOnlyForDeploymentPostprocessing = 0;
		};
		E8011E3C2A93A67700DD9B5F /* Resources */ = {
			isa = PBXResourcesBuildPhase;
			buildActionMask = 2147483647;
			files = (
			);
			runOnlyForDeploymentPostprocessing = 0;
		};
/* End PBXResourcesBuildPhase section */

/* Begin PBXSourcesBuildPhase section */
		E8011E202A93A67600DD9B5F /* Sources */ = {
			isa = PBXSourcesBuildPhase;
			buildActionMask = 2147483647;
			files = (
				E80DEC8E2AAA189500B40016 /* ImageExtencion.swift in Sources */,
				E8D4B5932B20CA600091E148 /* InfoPanelView.swift in Sources */,
				E8B2A9202AA764D600BCF5C6 /* CustomBackgroundView.swift in Sources */,
				E8011E2A2A93A67600DD9B5F /* ContentView.swift in Sources */,
				E82C40892AA0D32400C0638E /* AsyncImageTestView.swift in Sources */,
				E87FB7432B22294500755FBF /* ControllImageView.swift in Sources */,
				E8B2A9232AA766B300BCF5C6 /* ColorExtension.swift in Sources */,
				E8EFEE482AB7847800ECD50E /* RestartMainView.swift in Sources */,
				E858BA612AC5B9B6003CD121 /* exemplo.swift in Sources */,
				E88EEDA02AAF9CC300A77056 /* CustomCircleView.swift in Sources */,
				E8FC6D5C2B28EE3B0070822E /* FruitsMainView.swift in Sources */,
				E8BACBEF2B27592500ACAB39 /* PageData.swift in Sources */,
				E89E8B372ABDF821007D6FBD /* CircleGroupView.swift in Sources */,
				E80DEC902AAA1C2D00B40016 /* CustomButtonView.swift in Sources */,
				E86FB67C2AB2402D00A70B73 /* CustomListRowView.swift in Sources */,
				E8EFEE532AB787C200ECD50E /* HomeView.swift in Sources */,
				E8144C262AB0E8A3004AF89C /* SettingsView.swift in Sources */,
				E8B2A91D2AA7638E00BCF5C6 /* CardView.swift in Sources */,
				E8BACBED2B2758C100ACAB39 /* PageModel.swift in Sources */,
				E8FCD7342AAA21A50043648A /* GradientButtonStyle.swift in Sources */,
				E8011E282A93A67600DD9B5F /* MySwiftUIAppApp.swift in Sources */,
				E88EEDA22AAF9E3500A77056 /* MotionAnimationView.swift in Sources */,
				E80DEC8C2AAA185200B40016 /* HikeMainView.swift in Sources */,
				E8EE40BD2AF449FB0064DA33 /* PinchMainView.swift in Sources */,
				E8EFEE512AB787AF00ECD50E /* OnboardingView.swift in Sources */,
				E80DEC8A2AAA17BE00B40016 /* AsyncImageView.swift in Sources */,
				E8BAF3A62ACF1F0F00A97DD0 /* AudioPlayer.swift in Sources */,
			);
			runOnlyForDeploymentPostprocessing = 0;
		};
		E8011E302A93A67700DD9B5F /* Sources */ = {
			isa = PBXSourcesBuildPhase;
			buildActionMask = 2147483647;
			files = (
				E8011E392A93A67700DD9B5F /* MySwiftUIAppTests.swift in Sources */,
			);
			runOnlyForDeploymentPostprocessing = 0;
		};
		E8011E3A2A93A67700DD9B5F /* Sources */ = {
			isa = PBXSourcesBuildPhase;
			buildActionMask = 2147483647;
			files = (
				E8011E452A93A67700DD9B5F /* MySwiftUIAppUITestsLaunchTests.swift in Sources */,
				E8011E432A93A67700DD9B5F /* MySwiftUIAppUITests.swift in Sources */,
			);
			runOnlyForDeploymentPostprocessing = 0;
		};
/* End PBXSourcesBuildPhase section */

/* Begin PBXTargetDependency section */
		E8011E362A93A67700DD9B5F /* PBXTargetDependency */ = {
			isa = PBXTargetDependency;
			target = E8011E232A93A67600DD9B5F /* MySwiftUIApp */;
			targetProxy = E8011E352A93A67700DD9B5F /* PBXContainerItemProxy */;
		};
		E8011E402A93A67700DD9B5F /* PBXTargetDependency */ = {
			isa = PBXTargetDependency;
			target = E8011E232A93A67600DD9B5F /* MySwiftUIApp */;
			targetProxy = E8011E3F2A93A67700DD9B5F /* PBXContainerItemProxy */;
		};
/* End PBXTargetDependency section */

/* Begin XCBuildConfiguration section */
		E8011E462A93A67700DD9B5F /* Debug */ = {
			isa = XCBuildConfiguration;
			buildSettings = {
				ALWAYS_SEARCH_USER_PATHS = NO;
				CLANG_ANALYZER_NONNULL = YES;
				CLANG_ANALYZER_NUMBER_OBJECT_CONVERSION = YES_AGGRESSIVE;
				CLANG_CXX_LANGUAGE_STANDARD = "gnu++20";
				CLANG_ENABLE_MODULES = YES;
				CLANG_ENABLE_OBJC_ARC = YES;
				CLANG_ENABLE_OBJC_WEAK = YES;
				CLANG_WARN_BLOCK_CAPTURE_AUTORELEASING = YES;
				CLANG_WARN_BOOL_CONVERSION = YES;
				CLANG_WARN_COMMA = YES;
				CLANG_WARN_CONSTANT_CONVERSION = YES;
				CLANG_WARN_DEPRECATED_OBJC_IMPLEMENTATIONS = YES;
				CLANG_WARN_DIRECT_OBJC_ISA_USAGE = YES_ERROR;
				CLANG_WARN_DOCUMENTATION_COMMENTS = YES;
				CLANG_WARN_EMPTY_BODY = YES;
				CLANG_WARN_ENUM_CONVERSION = YES;
				CLANG_WARN_INFINITE_RECURSION = YES;
				CLANG_WARN_INT_CONVERSION = YES;
				CLANG_WARN_NON_LITERAL_NULL_CONVERSION = YES;
				CLANG_WARN_OBJC_IMPLICIT_RETAIN_SELF = YES;
				CLANG_WARN_OBJC_LITERAL_CONVERSION = YES;
				CLANG_WARN_OBJC_ROOT_CLASS = YES_ERROR;
				CLANG_WARN_QUOTED_INCLUDE_IN_FRAMEWORK_HEADER = YES;
				CLANG_WARN_RANGE_LOOP_ANALYSIS = YES;
				CLANG_WARN_STRICT_PROTOTYPES = YES;
				CLANG_WARN_SUSPICIOUS_MOVE = YES;
				CLANG_WARN_UNGUARDED_AVAILABILITY = YES_AGGRESSIVE;
				CLANG_WARN_UNREACHABLE_CODE = YES;
				CLANG_WARN__DUPLICATE_METHOD_MATCH = YES;
				COPY_PHASE_STRIP = NO;
				DEBUG_INFORMATION_FORMAT = dwarf;
				ENABLE_STRICT_OBJC_MSGSEND = YES;
				ENABLE_TESTABILITY = YES;
				GCC_C_LANGUAGE_STANDARD = gnu11;
				GCC_DYNAMIC_NO_PIC = NO;
				GCC_NO_COMMON_BLOCKS = YES;
				GCC_OPTIMIZATION_LEVEL = 0;
				GCC_PREPROCESSOR_DEFINITIONS = (
					"DEBUG=1",
					"$(inherited)",
				);
				GCC_WARN_64_TO_32_BIT_CONVERSION = YES;
				GCC_WARN_ABOUT_RETURN_TYPE = YES_ERROR;
				GCC_WARN_UNDECLARED_SELECTOR = YES;
				GCC_WARN_UNINITIALIZED_AUTOS = YES_AGGRESSIVE;
				GCC_WARN_UNUSED_FUNCTION = YES;
				GCC_WARN_UNUSED_VARIABLE = YES;
				IPHONEOS_DEPLOYMENT_TARGET = 16.4;
				MTL_ENABLE_DEBUG_INFO = INCLUDE_SOURCE;
				MTL_FAST_MATH = YES;
				ONLY_ACTIVE_ARCH = YES;
				SDKROOT = iphoneos;
				SWIFT_ACTIVE_COMPILATION_CONDITIONS = DEBUG;
				SWIFT_OPTIMIZATION_LEVEL = "-Onone";
			};
			name = Debug;
		};
		E8011E472A93A67700DD9B5F /* Release */ = {
			isa = XCBuildConfiguration;
			buildSettings = {
				ALWAYS_SEARCH_USER_PATHS = NO;
				CLANG_ANALYZER_NONNULL = YES;
				CLANG_ANALYZER_NUMBER_OBJECT_CONVERSION = YES_AGGRESSIVE;
				CLANG_CXX_LANGUAGE_STANDARD = "gnu++20";
				CLANG_ENABLE_MODULES = YES;
				CLANG_ENABLE_OBJC_ARC = YES;
				CLANG_ENABLE_OBJC_WEAK = YES;
				CLANG_WARN_BLOCK_CAPTURE_AUTORELEASING = YES;
				CLANG_WARN_BOOL_CONVERSION = YES;
				CLANG_WARN_COMMA = YES;
				CLANG_WARN_CONSTANT_CONVERSION = YES;
				CLANG_WARN_DEPRECATED_OBJC_IMPLEMENTATIONS = YES;
				CLANG_WARN_DIRECT_OBJC_ISA_USAGE = YES_ERROR;
				CLANG_WARN_DOCUMENTATION_COMMENTS = YES;
				CLANG_WARN_EMPTY_BODY = YES;
				CLANG_WARN_ENUM_CONVERSION = YES;
				CLANG_WARN_INFINITE_RECURSION = YES;
				CLANG_WARN_INT_CONVERSION = YES;
				CLANG_WARN_NON_LITERAL_NULL_CONVERSION = YES;
				CLANG_WARN_OBJC_IMPLICIT_RETAIN_SELF = YES;
				CLANG_WARN_OBJC_LITERAL_CONVERSION = YES;
				CLANG_WARN_OBJC_ROOT_CLASS = YES_ERROR;
				CLANG_WARN_QUOTED_INCLUDE_IN_FRAMEWORK_HEADER = YES;
				CLANG_WARN_RANGE_LOOP_ANALYSIS = YES;
				CLANG_WARN_STRICT_PROTOTYPES = YES;
				CLANG_WARN_SUSPICIOUS_MOVE = YES;
				CLANG_WARN_UNGUARDED_AVAILABILITY = YES_AGGRESSIVE;
				CLANG_WARN_UNREACHABLE_CODE = YES;
				CLANG_WARN__DUPLICATE_METHOD_MATCH = YES;
				COPY_PHASE_STRIP = NO;
				DEBUG_INFORMATION_FORMAT = "dwarf-with-dsym";
				ENABLE_NS_ASSERTIONS = NO;
				ENABLE_STRICT_OBJC_MSGSEND = YES;
				GCC_C_LANGUAGE_STANDARD = gnu11;
				GCC_NO_COMMON_BLOCKS = YES;
				GCC_WARN_64_TO_32_BIT_CONVERSION = YES;
				GCC_WARN_ABOUT_RETURN_TYPE = YES_ERROR;
				GCC_WARN_UNDECLARED_SELECTOR = YES;
				GCC_WARN_UNINITIALIZED_AUTOS = YES_AGGRESSIVE;
				GCC_WARN_UNUSED_FUNCTION = YES;
				GCC_WARN_UNUSED_VARIABLE = YES;
				IPHONEOS_DEPLOYMENT_TARGET = 16.4;
				MTL_ENABLE_DEBUG_INFO = NO;
				MTL_FAST_MATH = YES;
				SDKROOT = iphoneos;
				SWIFT_COMPILATION_MODE = wholemodule;
				SWIFT_OPTIMIZATION_LEVEL = "-O";
				VALIDATE_PRODUCT = YES;
			};
			name = Release;
		};
		E8011E492A93A67700DD9B5F /* Debug */ = {
			isa = XCBuildConfiguration;
			buildSettings = {
				ASSETCATALOG_COMPILER_ALTERNATE_APPICON_NAMES = "AppIcon-MagnifyingGlass AppIcon-Campfire AppIcon-Backpack AppIcon-Camera AppIcon-Mushroom AppIcon-Map";
				ASSETCATALOG_COMPILER_APPICON_NAME = AppIcon;
				ASSETCATALOG_COMPILER_GLOBAL_ACCENT_COLOR_NAME = AccentColor;
				ASSETCATALOG_COMPILER_INCLUDE_ALL_APPICON_ASSETS = YES;
				CODE_SIGN_STYLE = Automatic;
				CURRENT_PROJECT_VERSION = 1;
				DEVELOPMENT_ASSET_PATHS = "\"MySwiftUIApp/Preview Content\"";
				DEVELOPMENT_TEAM = PNPC8948LP;
				ENABLE_PREVIEWS = YES;
				GENERATE_INFOPLIST_FILE = YES;
				INFOPLIST_FILE = MySwiftUIApp/Info.plist;
				INFOPLIST_KEY_UIApplicationSceneManifest_Generation = YES;
				INFOPLIST_KEY_UIApplicationSupportsIndirectInputEvents = YES;
				INFOPLIST_KEY_UISupportedInterfaceOrientations = UIInterfaceOrientationPortrait;
				LD_RUNPATH_SEARCH_PATHS = (
					"$(inherited)",
					"@executable_path/Frameworks",
				);
				MARKETING_VERSION = 1.0;
				PRODUCT_BUNDLE_IDENTIFIER = douglasAmorim.MySwiftUIApp;
				PRODUCT_NAME = "$(TARGET_NAME)";
				SWIFT_EMIT_LOC_STRINGS = YES;
				SWIFT_VERSION = 5.0;
				TARGETED_DEVICE_FAMILY = "1,2";
			};
			name = Debug;
		};
		E8011E4A2A93A67700DD9B5F /* Release */ = {
			isa = XCBuildConfiguration;
			buildSettings = {
				ASSETCATALOG_COMPILER_ALTERNATE_APPICON_NAMES = "AppIcon-MagnifyingGlass AppIcon-Campfire AppIcon-Backpack AppIcon-Camera AppIcon-Mushroom AppIcon-Map";
				ASSETCATALOG_COMPILER_APPICON_NAME = AppIcon;
				ASSETCATALOG_COMPILER_GLOBAL_ACCENT_COLOR_NAME = AccentColor;
				ASSETCATALOG_COMPILER_INCLUDE_ALL_APPICON_ASSETS = YES;
				CODE_SIGN_STYLE = Automatic;
				CURRENT_PROJECT_VERSION = 1;
				DEVELOPMENT_ASSET_PATHS = "\"MySwiftUIApp/Preview Content\"";
				DEVELOPMENT_TEAM = PNPC8948LP;
				ENABLE_PREVIEWS = YES;
				GENERATE_INFOPLIST_FILE = YES;
				INFOPLIST_FILE = MySwiftUIApp/Info.plist;
				INFOPLIST_KEY_UIApplicationSceneManifest_Generation = YES;
				INFOPLIST_KEY_UIApplicationSupportsIndirectInputEvents = YES;
				INFOPLIST_KEY_UISupportedInterfaceOrientations = UIInterfaceOrientationPortrait;
				LD_RUNPATH_SEARCH_PATHS = (
					"$(inherited)",
					"@executable_path/Frameworks",
				);
				MARKETING_VERSION = 1.0;
				PRODUCT_BUNDLE_IDENTIFIER = douglasAmorim.MySwiftUIApp;
				PRODUCT_NAME = "$(TARGET_NAME)";
				SWIFT_EMIT_LOC_STRINGS = YES;
				SWIFT_VERSION = 5.0;
				TARGETED_DEVICE_FAMILY = "1,2";
			};
			name = Release;
		};
		E8011E4C2A93A67700DD9B5F /* Debug */ = {
			isa = XCBuildConfiguration;
			buildSettings = {
				ALWAYS_EMBED_SWIFT_STANDARD_LIBRARIES = YES;
				BUNDLE_LOADER = "$(TEST_HOST)";
				CODE_SIGN_STYLE = Automatic;
				CURRENT_PROJECT_VERSION = 1;
				DEVELOPMENT_TEAM = PNPC8948LP;
				GENERATE_INFOPLIST_FILE = YES;
				IPHONEOS_DEPLOYMENT_TARGET = 16.4;
				MARKETING_VERSION = 1.0;
				PRODUCT_BUNDLE_IDENTIFIER = douglasAmorim.MySwiftUIAppTests;
				PRODUCT_NAME = "$(TARGET_NAME)";
				SWIFT_EMIT_LOC_STRINGS = NO;
				SWIFT_VERSION = 5.0;
				TARGETED_DEVICE_FAMILY = "1,2";
				TEST_HOST = "$(BUILT_PRODUCTS_DIR)/MySwiftUIApp.app/$(BUNDLE_EXECUTABLE_FOLDER_PATH)/MySwiftUIApp";
			};
			name = Debug;
		};
		E8011E4D2A93A67700DD9B5F /* Release */ = {
			isa = XCBuildConfiguration;
			buildSettings = {
				ALWAYS_EMBED_SWIFT_STANDARD_LIBRARIES = YES;
				BUNDLE_LOADER = "$(TEST_HOST)";
				CODE_SIGN_STYLE = Automatic;
				CURRENT_PROJECT_VERSION = 1;
				DEVELOPMENT_TEAM = PNPC8948LP;
				GENERATE_INFOPLIST_FILE = YES;
				IPHONEOS_DEPLOYMENT_TARGET = 16.4;
				MARKETING_VERSION = 1.0;
				PRODUCT_BUNDLE_IDENTIFIER = douglasAmorim.MySwiftUIAppTests;
				PRODUCT_NAME = "$(TARGET_NAME)";
				SWIFT_EMIT_LOC_STRINGS = NO;
				SWIFT_VERSION = 5.0;
				TARGETED_DEVICE_FAMILY = "1,2";
				TEST_HOST = "$(BUILT_PRODUCTS_DIR)/MySwiftUIApp.app/$(BUNDLE_EXECUTABLE_FOLDER_PATH)/MySwiftUIApp";
			};
			name = Release;
		};
		E8011E4F2A93A67700DD9B5F /* Debug */ = {
			isa = XCBuildConfiguration;
			buildSettings = {
				ALWAYS_EMBED_SWIFT_STANDARD_LIBRARIES = YES;
				CODE_SIGN_STYLE = Automatic;
				CURRENT_PROJECT_VERSION = 1;
				DEVELOPMENT_TEAM = PNPC8948LP;
				GENERATE_INFOPLIST_FILE = YES;
				MARKETING_VERSION = 1.0;
				PRODUCT_BUNDLE_IDENTIFIER = douglasAmorim.MySwiftUIAppUITests;
				PRODUCT_NAME = "$(TARGET_NAME)";
				SWIFT_EMIT_LOC_STRINGS = NO;
				SWIFT_VERSION = 5.0;
				TARGETED_DEVICE_FAMILY = "1,2";
				TEST_TARGET_NAME = MySwiftUIApp;
			};
			name = Debug;
		};
		E8011E502A93A67700DD9B5F /* Release */ = {
			isa = XCBuildConfiguration;
			buildSettings = {
				ALWAYS_EMBED_SWIFT_STANDARD_LIBRARIES = YES;
				CODE_SIGN_STYLE = Automatic;
				CURRENT_PROJECT_VERSION = 1;
				DEVELOPMENT_TEAM = PNPC8948LP;
				GENERATE_INFOPLIST_FILE = YES;
				MARKETING_VERSION = 1.0;
				PRODUCT_BUNDLE_IDENTIFIER = douglasAmorim.MySwiftUIAppUITests;
				PRODUCT_NAME = "$(TARGET_NAME)";
				SWIFT_EMIT_LOC_STRINGS = NO;
				SWIFT_VERSION = 5.0;
				TARGETED_DEVICE_FAMILY = "1,2";
				TEST_TARGET_NAME = MySwiftUIApp;
			};
			name = Release;
		};
/* End XCBuildConfiguration section */

/* Begin XCConfigurationList section */
		E8011E1F2A93A67600DD9B5F /* Build configuration list for PBXProject "MySwiftUIApp" */ = {
			isa = XCConfigurationList;
			buildConfigurations = (
				E8011E462A93A67700DD9B5F /* Debug */,
				E8011E472A93A67700DD9B5F /* Release */,
			);
			defaultConfigurationIsVisible = 0;
			defaultConfigurationName = Release;
		};
		E8011E482A93A67700DD9B5F /* Build configuration list for PBXNativeTarget "MySwiftUIApp" */ = {
			isa = XCConfigurationList;
			buildConfigurations = (
				E8011E492A93A67700DD9B5F /* Debug */,
				E8011E4A2A93A67700DD9B5F /* Release */,
			);
			defaultConfigurationIsVisible = 0;
			defaultConfigurationName = Release;
		};
		E8011E4B2A93A67700DD9B5F /* Build configuration list for PBXNativeTarget "MySwiftUIAppTests" */ = {
			isa = XCConfigurationList;
			buildConfigurations = (
				E8011E4C2A93A67700DD9B5F /* Debug */,
				E8011E4D2A93A67700DD9B5F /* Release */,
			);
			defaultConfigurationIsVisible = 0;
			defaultConfigurationName = Release;
		};
		E8011E4E2A93A67700DD9B5F /* Build configuration list for PBXNativeTarget "MySwiftUIAppUITests" */ = {
			isa = XCConfigurationList;
			buildConfigurations = (
				E8011E4F2A93A67700DD9B5F /* Debug */,
				E8011E502A93A67700DD9B5F /* Release */,
			);
			defaultConfigurationIsVisible = 0;
			defaultConfigurationName = Release;
		};
/* End XCConfigurationList section */
	};
	rootObject = E8011E1C2A93A67600DD9B5F /* Project object */;
}
